
Microsoft Visual Studio Solution File, Format Version 12.00
# Visual Studio Version 17
VisualStudioVersion = 17.12.35527.113
MinimumVisualStudioVersion = 10.0.40219.1
Project("{2150E333-8FDC-42A3-9474-1A3956D46DE8}") = "Bootstrapper", "Bootstrapper", "{000B78FE-62D9-48FC-BA56-0B8D7E620C1E}"
EndProject
Project("{2150E333-8FDC-42A3-9474-1A3956D46DE8}") = "Modules", "Modules", "{48DEAF50-7FAC-4F29-9CBB-8CAC9A22E78D}"
EndProject
Project("{2150E333-8FDC-42A3-9474-1A3956D46DE8}") = "Shared", "Shared", "{8EBC8EE6-4D85-4291-8F0E-4112B49831D4}"
EndProject
Project("{FAE04EC0-301F-11D3-BF4B-00C04F79EFBC}") = "Api", "Bootstrapper\Api\Api.csproj", "{E9A37BBA-4BA2-4460-A22B-7BC46487426B}"
EndProject
Project("{2150E333-8FDC-42A3-9474-1A3956D46DE8}") = "Basket", "Basket", "{19C3EF4D-D54F-4867-BB09-130E2A500CBD}"
EndProject
Project("{2150E333-8FDC-42A3-9474-1A3956D46DE8}") = "Ordering", "Ordering", "{935826EF-A8B7-415D-B5B6-2F6B2DD4A578}"
EndProject
Project("{2150E333-8FDC-42A3-9474-1A3956D46DE8}") = "Catalog", "Catalog", "{124ED596-9BCF-42A4-8F13-EF7CDE063466}"
EndProject
Project("{FAE04EC0-301F-11D3-BF4B-00C04F79EFBC}") = "Basket", "Modules\src\Basket\Basket.csproj", "{82045B65-C0E4-472F-9BE2-0A1CD8459A3B}"
EndProject
Project("{FAE04EC0-301F-11D3-BF4B-00C04F79EFBC}") = "Catalog", "Modules\Catalog\Catalog\Catalog.csproj", "{7D7BBB0F-A725-4C02-8384-6DC1873487A5}"
EndProject
Project("{FAE04EC0-301F-11D3-BF4B-00C04F79EFBC}") = "Ordering", "Modules\Ordering\Ordering\Ordering.csproj", "{A7D5335E-0B30-4384-A3ED-DF4691FE47AE}"
EndProject
Project("{FAE04EC0-301F-11D3-BF4B-00C04F79EFBC}") = "Shared", "Shared\Shared\Shared.csproj", "{AD2CFE00-4E97-4023-A303-D56A41B7B811}"
EndProject
Global
	GlobalSection(SolutionConfigurationPlatforms) = preSolution
		Debug|Any CPU = Debug|Any CPU
		Release|Any CPU = Release|Any CPU
	EndGlobalSection
	GlobalSection(ProjectConfigurationPlatforms) = postSolution
		{E9A37BBA-4BA2-4460-A22B-7BC46487426B}.Debug|Any CPU.ActiveCfg = Debug|Any CPU
		{E9A37BBA-4BA2-4460-A22B-7BC46487426B}.Debug|Any CPU.Build.0 = Debug|Any CPU
		{E9A37BBA-4BA2-4460-A22B-7BC46487426B}.Release|Any CPU.ActiveCfg = Release|Any CPU
		{E9A37BBA-4BA2-4460-A22B-7BC46487426B}.Release|Any CPU.Build.0 = Release|Any CPU
		{82045B65-C0E4-472F-9BE2-0A1CD8459A3B}.Debug|Any CPU.ActiveCfg = Debug|Any CPU
		{82045B65-C0E4-472F-9BE2-0A1CD8459A3B}.Debug|Any CPU.Build.0 = Debug|Any CPU
		{82045B65-C0E4-472F-9BE2-0A1CD8459A3B}.Release|Any CPU.ActiveCfg = Release|Any CPU
		{82045B65-C0E4-472F-9BE2-0A1CD8459A3B}.Release|Any CPU.Build.0 = Release|Any CPU
		{7D7BBB0F-A725-4C02-8384-6DC1873487A5}.Debug|Any CPU.ActiveCfg = Debug|Any CPU
		{7D7BBB0F-A725-4C02-8384-6DC1873487A5}.Debug|Any CPU.Build.0 = Debug|Any CPU
		{7D7BBB0F-A725-4C02-8384-6DC1873487A5}.Release|Any CPU.ActiveCfg = Release|Any CPU
		{7D7BBB0F-A725-4C02-8384-6DC1873487A5}.Release|Any CPU.Build.0 = Release|Any CPU
		{A7D5335E-0B30-4384-A3ED-DF4691FE47AE}.Debug|Any CPU.ActiveCfg = Debug|Any CPU
		{A7D5335E-0B30-4384-A3ED-DF4691FE47AE}.Debug|Any CPU.Build.0 = Debug|Any CPU
		{A7D5335E-0B30-4384-A3ED-DF4691FE47AE}.Release|Any CPU.ActiveCfg = Release|Any CPU
		{A7D5335E-0B30-4384-A3ED-DF4691FE47AE}.Release|Any CPU.Build.0 = Release|Any CPU
		{AD2CFE00-4E97-4023-A303-D56A41B7B811}.Debug|Any CPU.ActiveCfg = Debug|Any CPU
		{AD2CFE00-4E97-4023-A303-D56A41B7B811}.Debug|Any CPU.Build.0 = Debug|Any CPU
		{AD2CFE00-4E97-4023-A303-D56A41B7B811}.Release|Any CPU.ActiveCfg = Release|Any CPU
		{AD2CFE00-4E97-4023-A303-D56A41B7B811}.Release|Any CPU.Build.0 = Release|Any CPU
	EndGlobalSection
	GlobalSection(SolutionProperties) = preSolution
		HideSolutionNode = FALSE
	EndGlobalSection
	GlobalSection(NestedProjects) = preSolution
		{E9A37BBA-4BA2-4460-A22B-7BC46487426B} = {000B78FE-62D9-48FC-BA56-0B8D7E620C1E}
		{19C3EF4D-D54F-4867-BB09-130E2A500CBD} = {48DEAF50-7FAC-4F29-9CBB-8CAC9A22E78D}
		{935826EF-A8B7-415D-B5B6-2F6B2DD4A578} = {48DEAF50-7FAC-4F29-9CBB-8CAC9A22E78D}
		{124ED596-9BCF-42A4-8F13-EF7CDE063466} = {48DEAF50-7FAC-4F29-9CBB-8CAC9A22E78D}
		{82045B65-C0E4-472F-9BE2-0A1CD8459A3B} = {19C3EF4D-D54F-4867-BB09-130E2A500CBD}
		{7D7BBB0F-A725-4C02-8384-6DC1873487A5} = {124ED596-9BCF-42A4-8F13-EF7CDE063466}
		{A7D5335E-0B30-4384-A3ED-DF4691FE47AE} = {935826EF-A8B7-415D-B5B6-2F6B2DD4A578}
		{AD2CFE00-4E97-4023-A303-D56A41B7B811} = {8EBC8EE6-4D85-4291-8F0E-4112B49831D4}
	EndGlobalSection
EndGlobal
